
Microsoft Visual Studio Solution File, Format Version 12.00
# Visual Studio 15
VisualStudioVersion = 15.0.28307.645
MinimumVisualStudioVersion = 10.0.40219.1
Project("{FAE04EC0-301F-11D3-BF4B-00C04F79EFBC}") = "JenkinsConsoleTest", "JenkinsConsoleTest\JenkinsConsoleTest.csproj", "{BC739DF3-6AE6-494A-97E4-05E87C5352CD}"
EndProject
Global
	GlobalSection(SolutionConfigurationPlatforms) = preSolution
		Debug|Any CPU = Debug|Any CPU
		Release|Any CPU = Release|Any CPU
	EndGlobalSection
	GlobalSection(ProjectConfigurationPlatforms) = postSolution
		{BC739DF3-6AE6-494A-97E4-05E87C5352CD}.Debug|Any CPU.ActiveCfg = Debug|Any CPU
		{BC739DF3-6AE6-494A-97E4-05E87C5352CD}.Debug|Any CPU.Build.0 = Debug|Any CPU
		{BC739DF3-6AE6-494A-97E4-05E87C5352CD}.Release|Any CPU.ActiveCfg = Release|Any CPU
		{BC739DF3-6AE6-494A-97E4-05E87C5352CD}.Release|Any CPU.Build.0 = Release|Any CPU
	EndGlobalSection
	GlobalSection(SolutionProperties) = preSolution
		HideSolutionNode = FALSE
	EndGlobalSection
	GlobalSection(ExtensibilityGlobals) = postSolution
		SolutionGuid = {8A58A11F-E7E1-4CA6-A3C5-D0B6386A91F8}
	EndGlobalSection
EndGlobal
